
Microsoft Visual Studio Solution File, Format Version 12.00
# Visual Studio Version 16
VisualStudioVersion = 16.0.30320.27
MinimumVisualStudioVersion = 10.0.40219.1
Project("{8BC9CEB8-8B4A-11D0-8D11-00A0C91BC942}") = "IntroduzionePuntatori", "IntroduzionePuntatori\IntroduzionePuntatori.vcxproj", "{40E7B1CB-14A4-4945-918F-98A4224CDCE7}"
EndProject
Project("{8BC9CEB8-8B4A-11D0-8D11-00A0C91BC942}") = "FunzioniConPuntatori", "FunzioniConPuntatori\FunzioniConPuntatori.vcxproj", "{7B53398F-215E-4F9E-99EC-80A27F523649}"
EndProject
Project("{8BC9CEB8-8B4A-11D0-8D11-00A0C91BC942}") = "BubbleSortV1", "BubbleSortV1\BubbleSortV1.vcxproj", "{B591D3BA-EDE8-42D5-8814-C253B3DDCAFB}"
EndProject
Project("{8BC9CEB8-8B4A-11D0-8D11-00A0C91BC942}") = "BubbleSortV2", "BubbleSortV2\BubbleSortV2.vcxproj", "{AD4C8012-D8C2-4CCB-96D5-A42768190244}"
EndProject
Project("{8BC9CEB8-8B4A-11D0-8D11-00A0C91BC942}") = "AritmeticaPuntatori", "AritmeticaPuntatori\AritmeticaPuntatori.vcxproj", "{CD2CB2AC-CBEE-45F6-94AA-A299C5B00EA3}"
EndProject
Project("{8BC9CEB8-8B4A-11D0-8D11-00A0C91BC942}") = "PuntatoriFunzione", "PuntatoriFunzione\PuntatoriFunzione.vcxproj", "{228806E9-6EB0-4A65-9F87-594E438A81EA}"
EndProject
Global
	GlobalSection(SolutionConfigurationPlatforms) = preSolution
		Debug|x64 = Debug|x64
		Debug|x86 = Debug|x86
		Release|x64 = Release|x64
		Release|x86 = Release|x86
	EndGlobalSection
	GlobalSection(ProjectConfigurationPlatforms) = postSolution
		{40E7B1CB-14A4-4945-918F-98A4224CDCE7}.Debug|x64.ActiveCfg = Debug|x64
		{40E7B1CB-14A4-4945-918F-98A4224CDCE7}.Debug|x64.Build.0 = Debug|x64
		{40E7B1CB-14A4-4945-918F-98A4224CDCE7}.Debug|x86.ActiveCfg = Debug|Win32
		{40E7B1CB-14A4-4945-918F-98A4224CDCE7}.Debug|x86.Build.0 = Debug|Win32
		{40E7B1CB-14A4-4945-918F-98A4224CDCE7}.Release|x64.ActiveCfg = Release|x64
		{40E7B1CB-14A4-4945-918F-98A4224CDCE7}.Release|x64.Build.0 = Release|x64
		{40E7B1CB-14A4-4945-918F-98A4224CDCE7}.Release|x86.ActiveCfg = Release|Win32
		{40E7B1CB-14A4-4945-918F-98A4224CDCE7}.Release|x86.Build.0 = Release|Win32
		{7B53398F-215E-4F9E-99EC-80A27F523649}.Debug|x64.ActiveCfg = Debug|x64
		{7B53398F-215E-4F9E-99EC-80A27F523649}.Debug|x64.Build.0 = Debug|x64
		{7B53398F-215E-4F9E-99EC-80A27F523649}.Debug|x86.ActiveCfg = Debug|Win32
		{7B53398F-215E-4F9E-99EC-80A27F523649}.Debug|x86.Build.0 = Debug|Win32
		{7B53398F-215E-4F9E-99EC-80A27F523649}.Release|x64.ActiveCfg = Release|x64
		{7B53398F-215E-4F9E-99EC-80A27F523649}.Release|x64.Build.0 = Release|x64
		{7B53398F-215E-4F9E-99EC-80A27F523649}.Release|x86.ActiveCfg = Release|Win32
		{7B53398F-215E-4F9E-99EC-80A27F523649}.Release|x86.Build.0 = Release|Win32
		{B591D3BA-EDE8-42D5-8814-C253B3DDCAFB}.Debug|x64.ActiveCfg = Debug|x64
		{B591D3BA-EDE8-42D5-8814-C253B3DDCAFB}.Debug|x64.Build.0 = Debug|x64
		{B591D3BA-EDE8-42D5-8814-C253B3DDCAFB}.Debug|x86.ActiveCfg = Debug|Win32
		{B591D3BA-EDE8-42D5-8814-C253B3DDCAFB}.Debug|x86.Build.0 = Debug|Win32
		{B591D3BA-EDE8-42D5-8814-C253B3DDCAFB}.Release|x64.ActiveCfg = Release|x64
		{B591D3BA-EDE8-42D5-8814-C253B3DDCAFB}.Release|x64.Build.0 = Release|x64
		{B591D3BA-EDE8-42D5-8814-C253B3DDCAFB}.Release|x86.ActiveCfg = Release|Win32
		{B591D3BA-EDE8-42D5-8814-C253B3DDCAFB}.Release|x86.Build.0 = Release|Win32
		{AD4C8012-D8C2-4CCB-96D5-A42768190244}.Debug|x64.ActiveCfg = Debug|x64
		{AD4C8012-D8C2-4CCB-96D5-A42768190244}.Debug|x64.Build.0 = Debug|x64
		{AD4C8012-D8C2-4CCB-96D5-A42768190244}.Debug|x86.ActiveCfg = Debug|Win32
		{AD4C8012-D8C2-4CCB-96D5-A42768190244}.Debug|x86.Build.0 = Debug|Win32
		{AD4C8012-D8C2-4CCB-96D5-A42768190244}.Release|x64.ActiveCfg = Release|x64
		{AD4C8012-D8C2-4CCB-96D5-A42768190244}.Release|x64.Build.0 = Release|x64
		{AD4C8012-D8C2-4CCB-96D5-A42768190244}.Release|x86.ActiveCfg = Release|Win32
		{AD4C8012-D8C2-4CCB-96D5-A42768190244}.Release|x86.Build.0 = Release|Win32
		{CD2CB2AC-CBEE-45F6-94AA-A299C5B00EA3}.Debug|x64.ActiveCfg = Debug|x64
		{CD2CB2AC-CBEE-45F6-94AA-A299C5B00EA3}.Debug|x64.Build.0 = Debug|x64
		{CD2CB2AC-CBEE-45F6-94AA-A299C5B00EA3}.Debug|x86.ActiveCfg = Debug|Win32
		{CD2CB2AC-CBEE-45F6-94AA-A299C5B00EA3}.Debug|x86.Build.0 = Debug|Win32
		{CD2CB2AC-CBEE-45F6-94AA-A299C5B00EA3}.Release|x64.ActiveCfg = Release|x64
		{CD2CB2AC-CBEE-45F6-94AA-A299C5B00EA3}.Release|x64.Build.0 = Release|x64
		{CD2CB2AC-CBEE-45F6-94AA-A299C5B00EA3}.Release|x86.ActiveCfg = Release|Win32
		{CD2CB2AC-CBEE-45F6-94AA-A299C5B00EA3}.Release|x86.Build.0 = Release|Win32
		{228806E9-6EB0-4A65-9F87-594E438A81EA}.Debug|x64.ActiveCfg = Debug|x64
		{228806E9-6EB0-4A65-9F87-594E438A81EA}.Debug|x64.Build.0 = Debug|x64
		{228806E9-6EB0-4A65-9F87-594E438A81EA}.Debug|x86.ActiveCfg = Debug|Win32
		{228806E9-6EB0-4A65-9F87-594E438A81EA}.Debug|x86.Build.0 = Debug|Win32
		{228806E9-6EB0-4A65-9F87-594E438A81EA}.Release|x64.ActiveCfg = Release|x64
		{228806E9-6EB0-4A65-9F87-594E438A81EA}.Release|x64.Build.0 = Release|x64
		{228806E9-6EB0-4A65-9F87-594E438A81EA}.Release|x86.ActiveCfg = Release|Win32
		{228806E9-6EB0-4A65-9F87-594E438A81EA}.Release|x86.Build.0 = Release|Win32
	EndGlobalSection
	GlobalSection(SolutionProperties) = preSolution
		HideSolutionNode = FALSE
	EndGlobalSection
	GlobalSection(ExtensibilityGlobals) = postSolution
		SolutionGuid = {C3EFB5F7-4C32-4C97-9026-187279F8D176}
	EndGlobalSection
EndGlobal
