
Microsoft Visual Studio Solution File, Format Version 12.00
# Visual Studio Version 16
VisualStudioVersion = 16.0.30320.27
MinimumVisualStudioVersion = 10.0.40219.1
Project("{8BC9CEB8-8B4A-11D0-8D11-00A0C91BC942}") = "EsempioFor", "EsempioFor\EsempioFor.vcxproj", "{A8079EE7-A770-44AB-A8D5-C2A9911728BE}"
EndProject
Project("{8BC9CEB8-8B4A-11D0-8D11-00A0C91BC942}") = "CalcolatriceSceltaMultipla", "CalcolatriceSceltaMultipla\CalcolatriceSceltaMultipla.vcxproj", "{43D8C227-6539-461A-AAB6-C3AD1340118F}"
EndProject
Global
	GlobalSection(SolutionConfigurationPlatforms) = preSolution
		Debug|x64 = Debug|x64
		Debug|x86 = Debug|x86
		Release|x64 = Release|x64
		Release|x86 = Release|x86
	EndGlobalSection
	GlobalSection(ProjectConfigurationPlatforms) = postSolution
		{A8079EE7-A770-44AB-A8D5-C2A9911728BE}.Debug|x64.ActiveCfg = Debug|x64
		{A8079EE7-A770-44AB-A8D5-C2A9911728BE}.Debug|x64.Build.0 = Debug|x64
		{A8079EE7-A770-44AB-A8D5-C2A9911728BE}.Debug|x86.ActiveCfg = Debug|Win32
		{A8079EE7-A770-44AB-A8D5-C2A9911728BE}.Debug|x86.Build.0 = Debug|Win32
		{A8079EE7-A770-44AB-A8D5-C2A9911728BE}.Release|x64.ActiveCfg = Release|x64
		{A8079EE7-A770-44AB-A8D5-C2A9911728BE}.Release|x64.Build.0 = Release|x64
		{A8079EE7-A770-44AB-A8D5-C2A9911728BE}.Release|x86.ActiveCfg = Release|Win32
		{A8079EE7-A770-44AB-A8D5-C2A9911728BE}.Release|x86.Build.0 = Release|Win32
		{43D8C227-6539-461A-AAB6-C3AD1340118F}.Debug|x64.ActiveCfg = Debug|x64
		{43D8C227-6539-461A-AAB6-C3AD1340118F}.Debug|x64.Build.0 = Debug|x64
		{43D8C227-6539-461A-AAB6-C3AD1340118F}.Debug|x86.ActiveCfg = Debug|Win32
		{43D8C227-6539-461A-AAB6-C3AD1340118F}.Debug|x86.Build.0 = Debug|Win32
		{43D8C227-6539-461A-AAB6-C3AD1340118F}.Release|x64.ActiveCfg = Release|x64
		{43D8C227-6539-461A-AAB6-C3AD1340118F}.Release|x64.Build.0 = Release|x64
		{43D8C227-6539-461A-AAB6-C3AD1340118F}.Release|x86.ActiveCfg = Release|Win32
		{43D8C227-6539-461A-AAB6-C3AD1340118F}.Release|x86.Build.0 = Release|Win32
	EndGlobalSection
	GlobalSection(SolutionProperties) = preSolution
		HideSolutionNode = FALSE
	EndGlobalSection
	GlobalSection(ExtensibilityGlobals) = postSolution
		SolutionGuid = {2447D992-6AFF-403B-8BB1-CF57BF41370B}
	EndGlobalSection
EndGlobal
