
Microsoft Visual Studio Solution File, Format Version 12.00
# Visual Studio Version 16
VisualStudioVersion = 16.0.30320.27
MinimumVisualStudioVersion = 10.0.40219.1
Project("{8BC9CEB8-8B4A-11D0-8D11-00A0C91BC942}") = "DefFunzione", "DefFunzione\DefFunzione.vcxproj", "{C8E7C59D-82DE-4CF2-BEA8-398FFE878365}"
EndProject
Project("{8BC9CEB8-8B4A-11D0-8D11-00A0C91BC942}") = "RicercaZeri", "RicercaZeri\RicercaZeri.vcxproj", "{454BF992-65A2-410A-8D4D-17CC45A0C6E7}"
EndProject
Global
	GlobalSection(SolutionConfigurationPlatforms) = preSolution
		Debug|x64 = Debug|x64
		Debug|x86 = Debug|x86
		Release|x64 = Release|x64
		Release|x86 = Release|x86
	EndGlobalSection
	GlobalSection(ProjectConfigurationPlatforms) = postSolution
		{C8E7C59D-82DE-4CF2-BEA8-398FFE878365}.Debug|x64.ActiveCfg = Debug|x64
		{C8E7C59D-82DE-4CF2-BEA8-398FFE878365}.Debug|x64.Build.0 = Debug|x64
		{C8E7C59D-82DE-4CF2-BEA8-398FFE878365}.Debug|x86.ActiveCfg = Debug|Win32
		{C8E7C59D-82DE-4CF2-BEA8-398FFE878365}.Debug|x86.Build.0 = Debug|Win32
		{C8E7C59D-82DE-4CF2-BEA8-398FFE878365}.Release|x64.ActiveCfg = Release|x64
		{C8E7C59D-82DE-4CF2-BEA8-398FFE878365}.Release|x64.Build.0 = Release|x64
		{C8E7C59D-82DE-4CF2-BEA8-398FFE878365}.Release|x86.ActiveCfg = Release|Win32
		{C8E7C59D-82DE-4CF2-BEA8-398FFE878365}.Release|x86.Build.0 = Release|Win32
		{454BF992-65A2-410A-8D4D-17CC45A0C6E7}.Debug|x64.ActiveCfg = Debug|x64
		{454BF992-65A2-410A-8D4D-17CC45A0C6E7}.Debug|x64.Build.0 = Debug|x64
		{454BF992-65A2-410A-8D4D-17CC45A0C6E7}.Debug|x86.ActiveCfg = Debug|Win32
		{454BF992-65A2-410A-8D4D-17CC45A0C6E7}.Debug|x86.Build.0 = Debug|Win32
		{454BF992-65A2-410A-8D4D-17CC45A0C6E7}.Release|x64.ActiveCfg = Release|x64
		{454BF992-65A2-410A-8D4D-17CC45A0C6E7}.Release|x64.Build.0 = Release|x64
		{454BF992-65A2-410A-8D4D-17CC45A0C6E7}.Release|x86.ActiveCfg = Release|Win32
		{454BF992-65A2-410A-8D4D-17CC45A0C6E7}.Release|x86.Build.0 = Release|Win32
	EndGlobalSection
	GlobalSection(SolutionProperties) = preSolution
		HideSolutionNode = FALSE
	EndGlobalSection
	GlobalSection(ExtensibilityGlobals) = postSolution
		SolutionGuid = {272E17B3-756B-4E46-B220-CDD25D7E4996}
	EndGlobalSection
EndGlobal
